{
  "nodes": {
    "artifacts": {
      "flake": false,
      "locked": {
        "lastModified": 1778836831,
        "narHash": "sha256-Dou/ceLNa47497dVDKTpn7Qvdn24MT41Qlqkfo9FEoU=",
        "owner": "loystonpais",
        "repo": "Droidspaces-OSS",
        "rev": "e8b17887059b31f9862a1b693a5b68b03487cf4c",
        "type": "github"
      },
      "original": {
        "owner": "loystonpais",
        "ref": "artifacts",
        "repo": "Droidspaces-OSS",
        "type": "github"
      }
    },
    "droidspaces": {
      "inputs": {
        "artifacts": "artifacts",
        "finix": "finix",
        "flake-parts": "flake-parts",
        "import-tree": "import-tree",
        "nixpkgs": "nixpkgs",
        "nixpkgs-with-systemd-v257": "nixpkgs-with-systemd-v257",
        "nixpkgs-with-systemd-v259": "nixpkgs-with-systemd-v259"
      },
      "locked": {
        "lastModified": 1790581439,
        "narHash": "sha256-kI4El4ZYuqzwF0593N0I2mMYdjtvRz2kIDrHqUHrNHQ=",
        "owner": "ravindu644",
        "repo": "Droidspaces-OSS",
        "rev": "ff39a376f50499b665d187d46909686418570a32",
        "type": "github"
      },
      "original": {
        "owner": "ravindu644",
        "repo": "Droidspaces-OSS",
        "type": "github"
      }
    },
    "finix": {
      "locked": {
        "lastModified": 1778975258,
        "narHash": "sha256-VJ+vqtRre/wK0pC7gufYDAxRWWrwqxqww9HxYRGDwaM=",
        "owner": "finix-community",
        "repo": "finix",
        "rev": "472f60067422037c3fac09ede84ce70447e5c06e",
        "type": "github"
      },
      "original": {
        "owner": "finix-community",
        "ref": "main",
        "repo": "finix",
        "type": "github"
      }
    },
    "flake-parts": {
      "inputs": {
        "nixpkgs-lib": "nixpkgs-lib"
      },
      "locked": {
        "lastModified": 1778716662,
        "narHash": "sha256-m1Yf0wZ8j1OHjTc2UwHwyQRSnNeSgLJOd7q5Y45hzi4=",
        "owner": "hercules-ci",
        "repo": "flake-parts",
        "rev": "f7c1a2d347e4c52d5fb8d10cb4d94b5884e546fb",
        "type": "github"
      },
      "original": {
        "owner": "hercules-ci",
        "repo": "flake-parts",
        "type": "github"
      }
    },
    "import-tree": {
      "locked": {
        "lastModified": 1778781969,
        "narHash": "sha256-Jjuz5CmSkur8KvLDoGa+vylEp+RkQtv4mt/qcMznpH0=",
        "owner": "vic",
        "repo": "import-tree",
        "rev": "d321337efd0f23a9eb14a42adb7b2c29313ab274",
        "type": "github"
      },
      "original": {
        "owner": "vic",
        "repo": "import-tree",
        "type": "github"
      }
    },
    "nixpkgs": {
      "locked": {
        "lastModified": 1778458615,
        "narHash": "sha256-cY07EsdhBJ8tFXPzDYevgqxRev9ZLxFonuq9wmq5kwg=",
        "owner": "NixOS",
        "repo": "nixpkgs",
        "rev": "c6e5ca3c836a5f4dd9af9f2c1fc1c38f0fac988a",
        "type": "github"
      },
      "original": {
        "owner": "NixOS",
        "repo": "nixpkgs",
        "rev": "c6e5ca3c836a5f4dd9af9f2c1fc1c38f0fac988a",
        "type": "github"
      }
    },
    "nixpkgs-lib": {
      "locked": {
        "lastModified": 1777168982,
        "narHash": "sha256-GOkGPcboWE9BmGCRMLX3worL4EMnsnG8MyKmXNeYuhQ=",
        "owner": "nix-community",
        "repo": "nixpkgs.lib",
        "rev": "f5901329dade4a6ea039af1433fb087bd9c1fe14",
        "type": "github"
      },
      "original": {
        "owner": "nix-community",
        "repo": "nixpkgs.lib",
        "type": "github"
      }
    },
    "nixpkgs-systemd259": {
      "locked": {
        "lastModified": 1776329215,
        "narHash": "sha256-a8BYi3mzoJ/AcJP8UldOx8emoPRLeWqALZWu4ZvjPXw=",
        "owner": "NixOS",
        "repo": "nixpkgs",
        "rev": "b86751bc4085f48661017fa226dee99fab6c651b",
        "type": "github"
      },
      "original": {
        "owner": "NixOS",
        "repo": "nixpkgs",
        "rev": "b86751bc4085f48661017fa226dee99fab6c651b",
        "type": "github"
      }
    },
    "nixpkgs-with-systemd-v257": {
      "locked": {
        "lastModified": 1760596604,
        "narHash": "sha256-J/i5K6AAz/y5dBePHQOuzC7MbhyTOKsd/GLezSbEFiM=",
        "owner": "NixOS",
        "repo": "nixpkgs",
        "rev": "3cbe716e2346710d6e1f7c559363d14e11c32a43",
        "type": "github"
      },
      "original": {
        "owner": "NixOS",
        "ref": "3cbe716e2346710d6e1f7c559363d14e11c32a4",
        "repo": "nixpkgs",
        "type": "github"
      }
    },
    "nixpkgs-with-systemd-v259": {
      "locked": {
        "lastModified": 1776329215,
        "narHash": "sha256-a8BYi3mzoJ/AcJP8UldOx8emoPRLeWqALZWu4ZvjPXw=",
        "owner": "NixOS",
        "repo": "nixpkgs",
        "rev": "b86751bc4085f48661017fa226dee99fab6c651b",
        "type": "github"
      },
      "original": {
        "owner": "NixOS",
        "repo": "nixpkgs",
        "rev": "b86751bc4085f48661017fa226dee99fab6c651b",
        "type": "github"
      }
    },
    "nixpkgs_2": {
      "locked": {
        "lastModified": 1790578696,
        "narHash": "sha256-ZoxIApko70jCdbH3l20HWXOBaT2HZd87orzd2yJ9dVE=",
        "owner": "NixOS",
        "repo": "nixpkgs",
        "rev": "7a0f122f5090cf4c2ade2a13a0e229d4e19ba71f",
        "type": "github"
      },
      "original": {
        "owner": "NixOS",
        "ref": "nixos-unstable",
        "repo": "nixpkgs",
        "type": "github"
      }
    },
    "root": {
      "inputs": {
        "droidspaces": "droidspaces",
        "nixpkgs": "nixpkgs_2",
        "nixpkgs-systemd259": "nixpkgs-systemd259"
      }
    }
  },
  "root": "root",
  "version": 7
}
